// !$*UTF8*$!
{
	archiveVersion = 1;
	classes = {
	};
	objectVersion = 46;
	objects = {

/* Begin PBXBuildFile section */
		39C609531EDC301E00105DD7 /* AppDelegate.swift in Sources */ = {isa = PBXBuildFile; fileRef = 39C609521EDC301E00105DD7 /* AppDelegate.swift */; };
		39C609551EDC301E00105DD7 /* ViewController.swift in Sources */ = {isa = PBXBuildFile; fileRef = 39C609541EDC301E00105DD7 /* ViewController.swift */; };
		39C609581EDC301E00105DD7 /* Main.storyboard in Resources */ = {isa = PBXBuildFile; fileRef = 39C609561EDC301E00105DD7 /* Main.storyboard */; };
		39C6095A1EDC301E00105DD7 /* Assets.xcassets in Resources */ = {isa = PBXBuildFile; fileRef = 39C609591EDC301E00105DD7 /* Assets.xcassets */; };
		39C6095D1EDC301E00105DD7 /* LaunchScreen.storyboard in Resources */ = {isa = PBXBuildFile; fileRef = 39C6095B1EDC301E00105DD7 /* LaunchScreen.storyboard */; };
/* End PBXBuildFile section */

/* Begin PBXFileReference section */
		39C6094F1EDC301E00105DD7 /* SchoolBus.app */ = {isa = PBXFileReference; explicitFileType = wrapper.application; includeInIndex = 0; path = SchoolBus.app; sourceTree = BUILT_PRODUCTS_DIR; };
		39C609521EDC301E00105DD7 /* AppDelegate.swift */ = {isa = PBXFileReference; lastKnownFileType = sourcecode.swift; path = AppDelegate.swift; sourceTree = "<group>"; };
		39C609541EDC301E00105DD7 /* ViewController.swift */ = {isa = PBXFileReference; lastKnownFileType = sourcecode.swift; path = ViewController.swift; sourceTree = "<group>"; };
		39C609571EDC301E00105DD7 /* Base */ = {isa = PBXFileReference; lastKnownFileType = file.storyboard; name = Base; path = Base.lproj/Main.storyboard; sourceTree = "<group>"; };
		39C609591EDC301E00105DD7 /* Assets.xcassets */ = {isa = PBXFileReference; lastKnownFileType = folder.assetcatalog; path = Assets.xcassets; sourceTree = "<group>"; };
		39C6095C1EDC301E00105DD7 /* Base */ = {isa = PBXFileReference; lastKnownFileType = file.storyboard; name = Base; path = Base.lproj/LaunchScreen.storyboard; sourceTree = "<group>"; };
		39C6095E1EDC301E00105DD7 /* Info.plist */ = {isa = PBXFileReference; lastKnownFileType = text.plist.xml; path = Info.plist; sourceTree = "<group>"; };
/* End PBXFileReference section */

/* Begin PBXFrameworksBuildPhase section */
		39C6094C1EDC301E00105DD7 /* Frameworks */ = {
			isa = PBXFrameworksBuildPhase;
			buildActionMask = 2147483647;
			files = (
			);
			runOnlyForDeploymentPostprocessing = 0;
		};
/* End PBXFrameworksBuildPhase section */

/* Begin PBXGroup section */
		39C609461EDC301E00105DD7 = {
			isa = PBXGroup;
			children = (
				39C609511EDC301E00105DD7 /* SchoolBus */,
				39C609501EDC301E00105DD7 /* Products */,
			);
			sourceTree = "<group>";
		};
		39C609501EDC301E00105DD7 /* Products */ = {
			isa = PBXGroup;
			children = (
				39C6094F1EDC301E00105DD7 /* SchoolBus.app */,
			);
			name = Products;
			sourceTree = "<group>";
		};
		39C609511EDC301E00105DD7 /* SchoolBus */ = {
			isa = PBXGroup;
			children = (
				39C609521EDC301E00105DD7 /* AppDelegate.swift */,
				39C609541EDC301E00105DD7 /* ViewController.swift */,
				39C609561EDC301E00105DD7 /* Main.storyboard */,
				39C609591EDC301E00105DD7 /* Assets.xcassets */,
				39C6095B1EDC301E00105DD7 /* LaunchScreen.storyboard */,
				39C6095E1EDC301E00105DD7 /* Info.plist */,
			);
			path = SchoolBus;
			sourceTree = "<group>";
		};
/* End PBXGroup section */

/* Begin PBXNativeTarget section */
		39C6094E1EDC301E00105DD7 /* SchoolBus */ = {
			isa = PBXNativeTarget;
			buildConfigurationList = 39C609611EDC301E00105DD7 /* Build configuration list for PBXNativeTarget "SchoolBus" */;
			buildPhases = (
				39C6094B1EDC301E00105DD7 /* Sources */,
				39C6094C1EDC301E00105DD7 /* Frameworks */,
				39C6094D1EDC301E00105DD7 /* Resources */,
			);
			buildRules = (
			);
			dependencies = (
			);
			name = SchoolBus;
			productName = SchoolBus;
			productReference = 39C6094F1EDC301E00105DD7 /* SchoolBus.app */;
			productType = "com.apple.product-type.application";
		};
/* End PBXNativeTarget section */

/* Begin PBXProject section */
		39C609471EDC301E00105DD7 /* Project object */ = {
			isa = PBXProject;
			attributes = {
				LastSwiftUpdateCheck = 0830;
				LastUpgradeCheck = 0830;
				ORGANIZATIONNAME = "Melaniia Hulianovych";
				TargetAttributes = {
					39C6094E1EDC301E00105DD7 = {
						CreatedOnToolsVersion = 8.3.2;
						ProvisioningStyle = Automatic;
					};
				};
			};
			buildConfigurationList = 39C6094A1EDC301E00105DD7 /* Build configuration list for PBXProject "SchoolBus" */;
			compatibilityVersion = "Xcode 3.2";
			developmentRegion = English;
			hasScannedForEncodings = 0;
			knownRegions = (
				en,
				Base,
			);
			mainGroup = 39C609461EDC301E00105DD7;
			productRefGroup = 39C609501EDC301E00105DD7 /* Products */;
			projectDirPath = "";
			projectRoot = "";
			targets = (
				39C6094E1EDC301E00105DD7 /* SchoolBus */,
			);
		};
/* End PBXProject section */

/* Begin PBXResourcesBuildPhase section */
		39C6094D1EDC301E00105DD7 /* Resources */ = {
			isa = PBXResourcesBuildPhase;
			buildActionMask = 2147483647;
			files = (
				39C6095D1EDC301E00105DD7 /* LaunchScreen.storyboard in Resources */,
				39C6095A1EDC301E00105DD7 /* Assets.xcassets in Resources */,
				39C609581EDC301E00105DD7 /* Main.storyboard in Resources */,
			);
			runOnlyForDeploymentPostprocessing = 0;
		};
/* End PBXResourcesBuildPhase section */

/* Begin PBXSourcesBuildPhase section */
		39C6094B1EDC301E00105DD7 /* Sources */ = {
			isa = PBXSourcesBuildPhase;
			buildActionMask = 2147483647;
			files = (
				39C609551EDC301E00105DD7 /* ViewController.swift in Sources */,
				39C609531EDC301E00105DD7 /* AppDelegate.swift in Sources */,
			);
			runOnlyForDeploymentPostprocessing = 0;
		};
/* End PBXSourcesBuildPhase section */

/* Begin PBXVariantGroup section */
		39C609561EDC301E00105DD7 /* Main.storyboard */ = {
			isa = PBXVariantGroup;
			children = (
				39C609571EDC301E00105DD7 /* Base */,
			);
			name = Main.storyboard;
			sourceTree = "<group>";
		};
		39C6095B1EDC301E00105DD7 /* LaunchScreen.storyboard */ = {
			isa = PBXVariantGroup;
			children = (
				39C6095C1EDC301E00105DD7 /* Base */,
			);
			name = LaunchScreen.storyboard;
			sourceTree = "<group>";
		};
/* End PBXVariantGroup section */

/* Begin XCBuildConfiguration section */
		39C6095F1EDC301E00105DD7 /* Debug */ = {
			isa = XCBuildConfiguration;
			buildSettings = {
				ALWAYS_SEARCH_USER_PATHS = NO;
				CLANG_ANALYZER_NONNULL = YES;
				CLANG_ANALYZER_NUMBER_OBJECT_CONVERSION = YES_AGGRESSIVE;
				CLANG_CXX_LANGUAGE_STANDARD = "gnu++0x";
				CLANG_CXX_LIBRARY = "libc++";
				CLANG_ENABLE_MODULES = YES;
				CLANG_ENABLE_OBJC_ARC = YES;
				CLANG_WARN_BOOL_CONVERSION = YES;
				CLANG_WARN_CONSTANT_CONVERSION = YES;
				CLANG_WARN_DIRECT_OBJC_ISA_USAGE = YES_ERROR;
				CLANG_WARN_DOCUMENTATION_COMMENTS = YES;
				CLANG_WARN_EMPTY_BODY = YES;
				CLANG_WARN_ENUM_CONVERSION = YES;
				CLANG_WARN_INFINITE_RECURSION = YES;
				CLANG_WARN_INT_CONVERSION = YES;
				CLANG_WARN_OBJC_ROOT_CLASS = YES_ERROR;
				CLANG_WARN_SUSPICIOUS_MOVE = YES;
				CLANG_WARN_UNREACHABLE_CODE = YES;
				CLANG_WARN__DUPLICATE_METHOD_MATCH = YES;
				"CODE_SIGN_IDENTITY[sdk=iphoneos*]" = "iPhone Developer";
				COPY_PHASE_STRIP = NO;
				DEBUG_INFORMATION_FORMAT = dwarf;
				ENABLE_STRICT_OBJC_MSGSEND = YES;
				ENABLE_TESTABILITY = YES;
				GCC_C_LANGUAGE_STANDARD = gnu99;
				GCC_DYNAMIC_NO_PIC = NO;
				GCC_NO_COMMON_BLOCKS = YES;
				GCC_OPTIMIZATION_LEVEL = 0;
				GCC_PREPROCESSOR_DEFINITIONS = (
					"DEBUG=1",
					"$(inherited)",
				);
				GCC_WARN_64_TO_32_BIT_CONVERSION = YES;
				GCC_WARN_ABOUT_RETURN_TYPE = YES_ERROR;
				GCC_WARN_UNDECLARED_SELECTOR = YES;
				GCC_WARN_UNINITIALIZED_AUTOS = YES_AGGRESSIVE;
				GCC_WARN_UNUSED_FUNCTION = YES;
				GCC_WARN_UNUSED_VARIABLE = YES;
				IPHONEOS_DEPLOYMENT_TARGET = 10.3;
				MTL_ENABLE_DEBUG_INFO = YES;
				ONLY_ACTIVE_ARCH = YES;
				SDKROOT = iphoneos;
				SWIFT_ACTIVE_COMPILATION_CONDITIONS = DEBUG;
				SWIFT_OPTIMIZATION_LEVEL = "-Onone";
			};
			name = Debug;
		};
		39C609601EDC301E00105DD7 /* Release */ = {
			isa = XCBuildConfiguration;
			buildSettings = {
				ALWAYS_SEARCH_USER_PATHS = NO;
				CLANG_ANALYZER_NONNULL = YES;
				CLANG_ANALYZER_NUMBER_OBJECT_CONVERSION = YES_AGGRESSIVE;
				CLANG_CXX_LANGUAGE_STANDARD = "gnu++0x";
				CLANG_CXX_LIBRARY = "libc++";
				CLANG_ENABLE_MODULES = YES;
				CLANG_ENABLE_OBJC_ARC = YES;
				CLANG_WARN_BOOL_CONVERSION = YES;
				CLANG_WARN_CONSTANT_CONVERSION = YES;
				CLANG_WARN_DIRECT_OBJC_ISA_USAGE = YES_ERROR;
				CLANG_WARN_DOCUMENTATION_COMMENTS = YES;
				CLANG_WARN_EMPTY_BODY = YES;
				CLANG_WARN_ENUM_CONVERSION = YES;
				CLANG_WARN_INFINITE_RECURSION = YES;
				CLANG_WARN_INT_CONVERSION = YES;
				CLANG_WARN_OBJC_ROOT_CLASS = YES_ERROR;
				CLANG_WARN_SUSPICIOUS_MOVE = YES;
				CLANG_WARN_UNREACHABLE_CODE = YES;
				CLANG_WARN__DUPLICATE_METHOD_MATCH = YES;
				"CODE_SIGN_IDENTITY[sdk=iphoneos*]" = "iPhone Developer";
				COPY_PHASE_STRIP = NO;
				DEBUG_INFORMATION_FORMAT = "dwarf-with-dsym";
				ENABLE_NS_ASSERTIONS = NO;
				ENABLE_STRICT_OBJC_MSGSEND = YES;
				GCC_C_LANGUAGE_STANDARD = gnu99;
				GCC_NO_COMMON_BLOCKS = YES;
				GCC_WARN_64_TO_32_BIT_CONVERSION = YES;
				GCC_WARN_ABOUT_RETURN_TYPE = YES_ERROR;
				GCC_WARN_UNDECLARED_SELECTOR = YES;
				GCC_WARN_UNINITIALIZED_AUTOS = YES_AGGRESSIVE;
				GCC_WARN_UNUSED_FUNCTION = YES;
				GCC_WARN_UNUSED_VARIABLE = YES;
				IPHONEOS_DEPLOYMENT_TARGET = 10.3;
				MTL_ENABLE_DEBUG_INFO = NO;
				SDKROOT = iphoneos;
				SWIFT_OPTIMIZATION_LEVEL = "-Owholemodule";
				VALIDATE_PRODUCT = YES;
			};
			name = Release;
		};
		39C609621EDC301E00105DD7 /* Debug */ = {
			isa = XCBuildConfiguration;
			buildSettings = {
				ASSETCATALOG_COMPILER_APPICON_NAME = AppIcon;
				INFOPLIST_FILE = SchoolBus/Info.plist;
				LD_RUNPATH_SEARCH_PATHS = "$(inherited) @executable_path/Frameworks";
				PRODUCT_BUNDLE_IDENTIFIER = MH.SchoolBus;
				PRODUCT_NAME = "$(TARGET_NAME)";
				SWIFT_VERSION = 3.0;
			};
			name = Debug;
		};
		39C609631EDC301E00105DD7 /* Release */ = {
			isa = XCBuildConfiguration;
			buildSettings = {
				ASSETCATALOG_COMPILER_APPICON_NAME = AppIcon;
				INFOPLIST_FILE = SchoolBus/Info.plist;
				LD_RUNPATH_SEARCH_PATHS = "$(inherited) @executable_path/Frameworks";
				PRODUCT_BUNDLE_IDENTIFIER = MH.SchoolBus;
				PRODUCT_NAME = "$(TARGET_NAME)";
				SWIFT_VERSION = 3.0;
			};
			name = Release;
		};
/* End XCBuildConfiguration section */

/* Begin XCConfigurationList section */
		39C6094A1EDC301E00105DD7 /* Build configuration list for PBXProject "SchoolBus" */ = {
			isa = XCConfigurationList;
			buildConfigurations = (
				39C6095F1EDC301E00105DD7 /* Debug */,
				39C609601EDC301E00105DD7 /* Release */,
			);
			defaultConfigurationIsVisible = 0;
			defaultConfigurationName = Release;
		};
		39C609611EDC301E00105DD7 /* Build configuration list for PBXNativeTarget "SchoolBus" */ = {
			isa = XCConfigurationList;
			buildConfigurations = (
				39C609621EDC301E00105DD7 /* Debug */,
				39C609631EDC301E00105DD7 /* Release */,
			);
			defaultConfigurationIsVisible = 0;
		};
/* End XCConfigurationList section */
	};
	rootObject = 39C609471EDC301E00105DD7 /* Project object */;
}
